{
  "version": 4,
  "terraform_version": "1.2.3",
  "serial": 157,
  "lineage": "dd0a3323-7589-4ac2-dcc4-b9bdbf846688",
  "outputs": {
    "public_ip_address": {
      "value": "20.26.203.120",
      "type": "string"
    },
    "resource_group_name": {
      "value": "rg-crisp-guinea",
      "type": "string"
    },
    "tls_private_key": {
      "value": "-----BEGIN RSA PRIVATE KEY-----\nMIIJKgIBAAKCAgEAraTLAwaNXReWObvfP9G4yS1DBJRNRXh/Rbkg2tbyCffntNga\nE7Weak9psCTGqhGjCwGJ2P6v41i9Rj325jY55SINXROO3lHTkW/aIGjx7Mga/+QR\nf49kXTuLjoPez4aFzd6gL4N1gwcyoEnjD8qXMzJYfcXFBbrFtWv9+M6qnnJsu31L\nGxy2/Zq0q9G4zl6fkFjUuTmIRUGx+19VPy5peMt13WYz7Eae/tVvrblQbRTU5tBu\nGRIMZZwlnhYV4sfKxq2vr5AU9Gw/Kcshbu+hEwydz2FFU3v+pwIUJQ5JRgsHb9MU\nw1WOxXGPHhzlzj/ls6H9YhtenGG8CVIe7pM2egRbD1Viy6O0guJ185rLuES6a3bq\nxIKqs0H5k1YqZFKmGzjv9mfLnPfHsbtI536JEykEhKOiHWFW3r3ccFToA9o6mHLp\ngSB45jYlknNYGSzDuxidlPUcWZu8qp7pexcCWHSyxQ3dLmN5UMCxIS24eL0yo/Sv\nzl51t6MDV/iQ/z6270Ixqiw8UsZ8U1V+nCLLGj5mlfeAF7m0YwpH7xw8gFF5qUOw\nbCXtg7/ToOqkaNIHq/h3gyF8RReh35TT4xdYvtz6WQQMQzqy3nV+8i5KV9R0JnM1\nAbz8Kh8+oOKb7uZFjRMJoYDWygSiKj6GCXQBg1Ji93ChRUgGvgMprv0R8csCAwEA\nAQKCAgEAitgxKCsuD9jTWzi5CzuzqNETPG8k1j7CbcrY1YN3p7bdREJjn4zirZjw\nJlNRsx1FJIDHa4ZCt+P1/FuBt5R2eJvg2aLQ4z3EkQ9B+BZSE4Xx6NjBkSDkHJSH\nQ554I7Ip/XJc3YEdDndL6NULxU211s8T6QWhQ7KTcjx2qGMAFI/kF4rY6kXsoB37\nB0Q7pHAO4InXFoBFUTN1kE0rScjftyHhDfYx4GSbr6KUmPGLuJ0mm6Tf1BYVaY4Q\nmjaIq3wbzP+GcjggOUzwuIdfJWhggG3fJbpeh6Gm/n1wBC1HM8WP3b+HY6Ve8suZ\np3dt3ZxEHH2TsMW3wg14IG/Uoel+bYJwwEQUST9md9HC+fYCeDLu/tfDqwpc+GIr\nO2QBH76bwwoJwpT+4LHP3gRm7rUAbyhlExdBExknLxJov5edoxJ/akLJm+hFMhrp\ncQpnmM++ZksV12b/ut8wdHjvbHo3a1I27gTE9tzS8k5m3Hk6Bh6sbfvZ8oZb8Eue\nBalk73hs7jE4/SCBaVT5DsJ86foXiMADrF5HgJVpkMCRYtbkhwUo3nbTzTUCWobe\nuXHxoG+G5fog7l6mufw2CxjI4zcRKn2jedABsXhJljZV4nMf8pY9i9v2kPjsjyt4\nCa1GIPWnzGI3C/0igkO+RI/vp/L5KEAfnjoOt+X4FFbGamdsnAkCggEBAMVKCIu+\nn+ZpeVE4xVy3ecvhZzirSLCHixdlpnxnlvK8iGBhouv8XWqKpWzSf7bFxXMrVT2V\ncuyP/ZYvp5koFll/55wDYr0dtPKBRkV/Hi695p29w8OGEeQr0Kkwbxk3d6McgMGw\noBdB/7OxNv0Y2rzwWhAmo3blClUsmX2dchdZVoyHShCNVIugplQbBTJh/DeaFZW9\nIeCh4kj9Dhxbk6M2JG3PVCcMBGt7T54TH8Zl8yMYviI8J8W3EsbA+kYTljk11oU+\n8xm7VDyLVhgAVpy0t1GHAF9pAvyhjaNDMI4x2pGHUg1h5fceGuebPznXLhKZSefq\ndMQ3eM+qArjZ8FUCggEBAOFRZANZABxwYP83SljjFUSnMr8oFZ35Em5qc60zS5wm\nR28OSVQV61eElAf5VqNvjPXHstayZmTrB22BTkEdcSxl9TeCc7bBkfEvug2hn/+i\nROQt6iwu7xwBGIXd1dwsRap/x2xRoG2DwARLG9GEA5cvXW/lj1LVHFtiTbZ5jbQ7\n129gS1azATBAGj232Pj4zpNardCLVALKknzcFcht+w83XwZ+4tSrepq4XoFlWclM\ncrYArsV49y+w8+H2LzLxfKbYcHEsts0s6dJXj/J/f9E2GbTIATixl5o/IvswZnhG\nzmVBdobm9+y0Qsekd8L9b9BIi5QXkQIzOGhRoj4n+Z8CggEBALX4+HL1TAW56bWa\nGKjRbx039f6WNoDlNM1K7Eo5Pkj8zwmfZSgn6X5ZDgaXDkfmmZ4GLSSVkaBTnAKI\nSB2DlUHOMTJ9CPkIypsX1FpLyuowLOP4YfYZ1qzQITG9Q+xNdiNUKgr9wFxTeugi\noGbJIxE83MWi7gm/b01qytTLga25sJQEQbOMuJvlfSV8msmDCaG7lQc9oV7R0qei\nCf7sFPxo9yb2Ile1xOninmhemWNlK+OGcfGf7Mt4dnAvFWnHrTttxkW274IfgK4r\nkyimPz1hjuk7DYPzl1awKLWbRtEReNncqDlBwFy0Pvq7/pB6QrvS+hFY94T46Y0Z\n8lLQatUCggEBAK1/HqP1REChyA69ZGJNeXMDy++lzf92atra3Xfgp7f1QcwiFBTL\nTAx36gS52hy/KKuYufzYIkBTOcT4bGl3Yk3ttISpzrBLHTW6qmkUqz8MlD+fm1Gq\nUjQeI+PwjVycOoivG8Asmnu5l4G21BTgsmMX9brT6Si/MLatW2nG73Z5HcqFO33n\nGGMu+QXNKyWLcIXGrVCH+Iits16xmZRcG5X77Q/zZHaeFCpPDXZVtG1skGfU3r7w\nBmaSuzijeHShvno671o2NAyJKQLuqcjwpFtUbTbnSwl8tl/vfeAtxLmYzBTr83it\nIPsDUuinnBBpVk/rjI7cFqy7BBRPx75UycECggEARe4fzPzRONNGXIc9bupIvT41\nBbfmJx2MYfiqwcCm2jDdbucbd0FmNR9U8hbMo2hluMNd08DwMn/Njj8FrfVocYix\nqIcAwSbjWf52smrXIEoUHFZ3NFkQ7DWIu0mkRxqlu899VjnTh6jMRNLKfej6tnho\nbwLr2qj4F+hjjjc5N6J7jhBqM0rFTEqh77b3nQ3ZaJ2T+LzMd0BIIx341waU/yvI\njaOFfWpZ8quggUzl/68MIOXhW1EWcLZnBa7RncYh7F6qoA/xNFEbYbEkKZjInEKS\nLLBq0gAkstphT/+EoH6iGpPYV3dTha4b5TJxN27M394fwpVx3zFd70fbY4j8oQ==\n-----END RSA PRIVATE KEY-----\n",
      "type": "string",
      "sensitive": true
    }
  },
  "resources": [
    {
      "mode": "managed",
      "type": "azurerm_linux_virtual_machine",
      "name": "myterraformvm",
      "provider": "provider[\"registry.terraform.io/hashicorp/azurerm\"]",
      "instances": [
        {
          "schema_version": 0,
          "attributes": {
            "additional_capabilities": [],
            "admin_password": null,
            "admin_ssh_key": [
              {
                "public_key": "ssh-rsa AAAAB3NzaC1yc2EAAAADAQABAAACAQCtpMsDBo1dF5Y5u98/0bjJLUMElE1FeH9FuSDa1vIJ9+e02BoTtZ5qT2mwJMaqEaMLAYnY/q/jWL1GPfbmNjnlIg1dE47eUdORb9ogaPHsyBr/5BF/j2RdO4uOg97PhoXN3qAvg3WDBzKgSeMPypczMlh9xcUFusW1a/34zqqecmy7fUsbHLb9mrSr0bjOXp+QWNS5OYhFQbH7X1U/Lml4y3XdZjPsRp7+1W+tuVBtFNTm0G4ZEgxlnCWeFhXix8rGra+vkBT0bD8pyyFu76ETDJ3PYUVTe/6nAhQlDklGCwdv0xTDVY7FcY8eHOXOP+Wzof1iG16cYbwJUh7ukzZ6BFsPVWLLo7SC4nXzmsu4RLprdurEgqqzQfmTVipkUqYbOO/2Z8uc98exu0jnfokTKQSEo6IdYVbevdxwVOgD2jqYcumBIHjmNiWSc1gZLMO7GJ2U9RxZm7yqnul7FwJYdLLFDd0uY3lQwLEhLbh4vTKj9K/OXnW3owNX+JD/PrbvQjGqLDxSxnxTVX6cIssaPmaV94AXubRjCkfvHDyAUXmpQ7BsJe2Dv9Og6qRo0ger+HeDIXxFF6HflNPjF1i+3PpZBAxDOrLedX7yLkpX1HQmczUBvPwqHz6g4pvu5kWNEwmhgNbKBKIqPoYJdAGDUmL3cKFFSAa+Aymu/RHxyw==\n",
                "username": "azureuser"
              }
            ],
            "admin_username": "azureuser",
            "allow_extension_operations": true,
            "availability_set_id": "",
            "boot_diagnostics": [
              {
                "storage_account_uri": "https://diagb0dcec807ed436d0.blob.core.windows.net/"
              }
            ],
            "computer_name": "myvm",
            "custom_data": null,
            "dedicated_host_group_id": "",
            "dedicated_host_id": "",
            "disable_password_authentication": true,
            "encryption_at_host_enabled": false,
            "eviction_policy": "",
            "extensions_time_budget": "PT1H30M",
            "id": "/subscriptions/81414c8e-8054-41f6-ab02-fb2c1e2bde67/resourceGroups/rg-crisp-guinea/providers/Microsoft.Compute/virtualMachines/myVM",
            "identity": [],
            "license_type": "",
            "location": "uksouth",
            "max_bid_price": -1,
            "name": "myVM",
            "network_interface_ids": [
              "/subscriptions/81414c8e-8054-41f6-ab02-fb2c1e2bde67/resourceGroups/rg-crisp-guinea/providers/Microsoft.Network/networkInterfaces/myNIC"
            ],
            "os_disk": [
              {
                "caching": "ReadWrite",
                "diff_disk_settings": [],
                "disk_encryption_set_id": "",
                "disk_size_gb": 30,
                "name": "myOsDisk",
                "storage_account_type": "Premium_LRS",
                "write_accelerator_enabled": false
              }
            ],
            "patch_mode": "ImageDefault",
            "plan": [],
            "platform_fault_domain": -1,
            "priority": "Regular",
            "private_ip_address": "10.0.1.4",
            "private_ip_addresses": [
              "10.0.1.4"
            ],
            "provision_vm_agent": true,
            "proximity_placement_group_id": "",
            "public_ip_address": "20.26.203.120",
            "public_ip_addresses": [
              "20.26.203.120"
            ],
            "resource_group_name": "rg-crisp-guinea",
            "secret": [],
            "secure_boot_enabled": false,
            "size": "Standard_D2ds_v5",
            "source_image_id": "",
            "source_image_reference": [
              {
                "offer": "UbuntuServer",
                "publisher": "Canonical",
                "sku": "18.04-LTS",
                "version": "latest"
              }
            ],
            "tags": null,
            "timeouts": null,
            "user_data": "",
            "virtual_machine_id": "cb9701b7-0db0-4cbf-8e3d-4f6c2c1b2c10",
            "virtual_machine_scale_set_id": "",
            "vtpm_enabled": false,
            "zone": ""
          },
          "sensitive_attributes": [],
          "private": "eyJlMmJmYjczMC1lY2FhLTExZTYtOGY4OC0zNDM2M2JjN2M0YzAiOnsiY3JlYXRlIjoyNzAwMDAwMDAwMDAwLCJkZWxldGUiOjI3MDAwMDAwMDAwMDAsInJlYWQiOjMwMDAwMDAwMDAwMCwidXBkYXRlIjoyNzAwMDAwMDAwMDAwfX0=",
          "dependencies": [
            "azurerm_network_interface.myterraformnic",
            "azurerm_public_ip.myterraformpublicip",
            "azurerm_resource_group.rg",
            "azurerm_storage_account.mystorageaccount",
            "azurerm_subnet.myterraformsubnet",
            "azurerm_virtual_network.myterraformnetwork",
            "random_id.randomId",
            "random_pet.rg-name",
            "tls_private_key.example_ssh"
          ]
        }
      ]
    },
    {
      "mode": "managed",
      "type": "azurerm_network_interface",
      "name": "myterraformnic",
      "provider": "provider[\"registry.terraform.io/hashicorp/azurerm\"]",
      "instances": [
        {
          "schema_version": 0,
          "attributes": {
            "applied_dns_servers": [],
            "dns_servers": [],
            "enable_accelerated_networking": false,
            "enable_ip_forwarding": false,
            "id": "/subscriptions/81414c8e-8054-41f6-ab02-fb2c1e2bde67/resourceGroups/rg-crisp-guinea/providers/Microsoft.Network/networkInterfaces/myNIC",
            "internal_dns_name_label": "",
            "internal_domain_name_suffix": "kc2wb23spepenn1xcoi4xt3yra.zx.internal.cloudapp.net",
            "ip_configuration": [
              {
                "gateway_load_balancer_frontend_ip_configuration_id": "",
                "name": "myNicConfiguration",
                "primary": true,
                "private_ip_address": "10.0.1.4",
                "private_ip_address_allocation": "Dynamic",
                "private_ip_address_version": "IPv4",
                "public_ip_address_id": "/subscriptions/81414c8e-8054-41f6-ab02-fb2c1e2bde67/resourceGroups/rg-crisp-guinea/providers/Microsoft.Network/publicIPAddresses/myPublicIP",
                "subnet_id": "/subscriptions/81414c8e-8054-41f6-ab02-fb2c1e2bde67/resourceGroups/rg-crisp-guinea/providers/Microsoft.Network/virtualNetworks/myVnet/subnets/mySubnet"
              }
            ],
            "location": "uksouth",
            "mac_address": "",
            "name": "myNIC",
            "private_ip_address": "10.0.1.4",
            "private_ip_addresses": [
              "10.0.1.4"
            ],
            "resource_group_name": "rg-crisp-guinea",
            "tags": null,
            "timeouts": null,
            "virtual_machine_id": ""
          },
          "sensitive_attributes": [],
          "private": "eyJlMmJmYjczMC1lY2FhLTExZTYtOGY4OC0zNDM2M2JjN2M0YzAiOnsiY3JlYXRlIjoxODAwMDAwMDAwMDAwLCJkZWxldGUiOjE4MDAwMDAwMDAwMDAsInJlYWQiOjMwMDAwMDAwMDAwMCwidXBkYXRlIjoxODAwMDAwMDAwMDAwfX0=",
          "dependencies": [
            "azurerm_public_ip.myterraformpublicip",
            "azurerm_resource_group.rg",
            "azurerm_subnet.myterraformsubnet",
            "azurerm_virtual_network.myterraformnetwork",
            "random_pet.rg-name"
          ]
        }
      ]
    },
    {
      "mode": "managed",
      "type": "azurerm_network_interface_security_group_association",
      "name": "example",
      "provider": "provider[\"registry.terraform.io/hashicorp/azurerm\"]",
      "instances": [
        {
          "schema_version": 0,
          "attributes": {
            "id": "/subscriptions/81414c8e-8054-41f6-ab02-fb2c1e2bde67/resourceGroups/rg-crisp-guinea/providers/Microsoft.Network/networkInterfaces/myNIC|/subscriptions/81414c8e-8054-41f6-ab02-fb2c1e2bde67/resourceGroups/rg-crisp-guinea/providers/Microsoft.Network/networkSecurityGroups/myNetworkSecurityGroup",
            "network_interface_id": "/subscriptions/81414c8e-8054-41f6-ab02-fb2c1e2bde67/resourceGroups/rg-crisp-guinea/providers/Microsoft.Network/networkInterfaces/myNIC",
            "network_security_group_id": "/subscriptions/81414c8e-8054-41f6-ab02-fb2c1e2bde67/resourceGroups/rg-crisp-guinea/providers/Microsoft.Network/networkSecurityGroups/myNetworkSecurityGroup",
            "timeouts": null
          },
          "sensitive_attributes": [],
          "private": "eyJlMmJmYjczMC1lY2FhLTExZTYtOGY4OC0zNDM2M2JjN2M0YzAiOnsiY3JlYXRlIjoxODAwMDAwMDAwMDAwLCJkZWxldGUiOjE4MDAwMDAwMDAwMDAsInJlYWQiOjMwMDAwMDAwMDAwMCwidXBkYXRlIjoxODAwMDAwMDAwMDAwfX0=",
          "dependencies": [
            "azurerm_network_interface.myterraformnic",
            "azurerm_network_security_group.myterraformnsg",
            "azurerm_public_ip.myterraformpublicip",
            "azurerm_resource_group.rg",
            "azurerm_subnet.myterraformsubnet",
            "azurerm_virtual_network.myterraformnetwork",
            "random_pet.rg-name"
          ]
        }
      ]
    },
    {
      "mode": "managed",
      "type": "azurerm_network_security_group",
      "name": "myterraformnsg",
      "provider": "provider[\"registry.terraform.io/hashicorp/azurerm\"]",
      "instances": [
        {
          "schema_version": 0,
          "attributes": {
            "id": "/subscriptions/81414c8e-8054-41f6-ab02-fb2c1e2bde67/resourceGroups/rg-crisp-guinea/providers/Microsoft.Network/networkSecurityGroups/myNetworkSecurityGroup",
            "location": "uksouth",
            "name": "myNetworkSecurityGroup",
            "resource_group_name": "rg-crisp-guinea",
            "security_rule": [
              {
                "access": "Allow",
                "description": "",
                "destination_address_prefix": "*",
                "destination_address_prefixes": [],
                "destination_application_security_group_ids": [],
                "destination_port_range": "3389",
                "destination_port_ranges": [],
                "direction": "Inbound",
                "name": "SSH",
                "priority": 1001,
                "protocol": "Tcp",
                "source_address_prefix": "*",
                "source_address_prefixes": [],
                "source_application_security_group_ids": [],
                "source_port_range": "*",
                "source_port_ranges": []
              }
            ],
            "tags": null,
            "timeouts": null
          },
          "sensitive_attributes": [],
          "private": "eyJlMmJmYjczMC1lY2FhLTExZTYtOGY4OC0zNDM2M2JjN2M0YzAiOnsiY3JlYXRlIjoxODAwMDAwMDAwMDAwLCJkZWxldGUiOjE4MDAwMDAwMDAwMDAsInJlYWQiOjMwMDAwMDAwMDAwMCwidXBkYXRlIjoxODAwMDAwMDAwMDAwfX0=",
          "dependencies": [
            "azurerm_resource_group.rg",
            "random_pet.rg-name"
          ]
        }
      ]
    },
    {
      "mode": "managed",
      "type": "azurerm_public_ip",
      "name": "myterraformpublicip",
      "provider": "provider[\"registry.terraform.io/hashicorp/azurerm\"]",
      "instances": [
        {
          "schema_version": 0,
          "attributes": {
            "allocation_method": "Dynamic",
            "availability_zone": "No-Zone",
            "domain_name_label": null,
            "fqdn": null,
            "id": "/subscriptions/81414c8e-8054-41f6-ab02-fb2c1e2bde67/resourceGroups/rg-crisp-guinea/providers/Microsoft.Network/publicIPAddresses/myPublicIP",
            "idle_timeout_in_minutes": 4,
            "ip_address": "",
            "ip_tags": null,
            "ip_version": "IPv4",
            "location": "uksouth",
            "name": "myPublicIP",
            "public_ip_prefix_id": null,
            "resource_group_name": "rg-crisp-guinea",
            "reverse_fqdn": null,
            "sku": "Basic",
            "sku_tier": "Regional",
            "tags": null,
            "timeouts": null,
            "zones": []
          },
          "sensitive_attributes": [],
          "private": "eyJlMmJmYjczMC1lY2FhLTExZTYtOGY4OC0zNDM2M2JjN2M0YzAiOnsiY3JlYXRlIjoxODAwMDAwMDAwMDAwLCJkZWxldGUiOjE4MDAwMDAwMDAwMDAsInJlYWQiOjMwMDAwMDAwMDAwMCwidXBkYXRlIjoxODAwMDAwMDAwMDAwfX0=",
          "dependencies": [
            "azurerm_resource_group.rg",
            "random_pet.rg-name"
          ]
        }
      ]
    },
    {
      "mode": "managed",
      "type": "azurerm_resource_group",
      "name": "rg",
      "provider": "provider[\"registry.terraform.io/hashicorp/azurerm\"]",
      "instances": [
        {
          "schema_version": 0,
          "attributes": {
            "id": "/subscriptions/81414c8e-8054-41f6-ab02-fb2c1e2bde67/resourceGroups/rg-crisp-guinea",
            "location": "uksouth",
            "name": "rg-crisp-guinea",
            "tags": null,
            "timeouts": null
          },
          "sensitive_attributes": [],
          "private": "eyJlMmJmYjczMC1lY2FhLTExZTYtOGY4OC0zNDM2M2JjN2M0YzAiOnsiY3JlYXRlIjo1NDAwMDAwMDAwMDAwLCJkZWxldGUiOjU0MDAwMDAwMDAwMDAsInJlYWQiOjMwMDAwMDAwMDAwMCwidXBkYXRlIjo1NDAwMDAwMDAwMDAwfX0=",
          "dependencies": [
            "random_pet.rg-name"
          ]
        }
      ]
    },
    {
      "mode": "managed",
      "type": "azurerm_storage_account",
      "name": "mystorageaccount",
      "provider": "provider[\"registry.terraform.io/hashicorp/azurerm\"]",
      "instances": [
        {
          "schema_version": 2,
          "attributes": {
            "access_tier": "Hot",
            "account_kind": "StorageV2",
            "account_replication_type": "LRS",
            "account_tier": "Standard",
            "allow_blob_public_access": false,
            "azure_files_authentication": [],
            "blob_properties": [
              {
                "change_feed_enabled": false,
                "container_delete_retention_policy": [],
                "cors_rule": [],
                "default_service_version": "",
                "delete_retention_policy": [],
                "last_access_time_enabled": false,
                "versioning_enabled": false
              }
            ],
            "custom_domain": [],
            "customer_managed_key": [],
            "enable_https_traffic_only": true,
            "id": "/subscriptions/81414c8e-8054-41f6-ab02-fb2c1e2bde67/resourceGroups/rg-crisp-guinea/providers/Microsoft.Storage/storageAccounts/diagb0dcec807ed436d0",
            "identity": [],
            "infrastructure_encryption_enabled": false,
            "is_hns_enabled": false,
            "large_file_share_enabled": null,
            "location": "uksouth",
            "min_tls_version": "TLS1_0",
            "name": "diagb0dcec807ed436d0",
            "network_rules": [
              {
                "bypass": [
                  "AzureServices"
                ],
                "default_action": "Allow",
                "ip_rules": [],
                "private_link_access": [],
                "virtual_network_subnet_ids": []
              }
            ],
            "nfsv3_enabled": false,
            "primary_access_key": "rF7f3qsSRYOQocFWHVZrNB1FoSd6MQFRk83EyaGA464sco327Vs1CarpgSRbVOKhvySdmhJc+qnR+ASttNi4uw==",
            "primary_blob_connection_string": "DefaultEndpointsProtocol=https;BlobEndpoint=https://diagb0dcec807ed436d0.blob.core.windows.net/;AccountName=diagb0dcec807ed436d0;AccountKey=rF7f3qsSRYOQocFWHVZrNB1FoSd6MQFRk83EyaGA464sco327Vs1CarpgSRbVOKhvySdmhJc+qnR+ASttNi4uw==",
            "primary_blob_endpoint": "https://diagb0dcec807ed436d0.blob.core.windows.net/",
            "primary_blob_host": "diagb0dcec807ed436d0.blob.core.windows.net",
            "primary_connection_string": "DefaultEndpointsProtocol=https;AccountName=diagb0dcec807ed436d0;AccountKey=rF7f3qsSRYOQocFWHVZrNB1FoSd6MQFRk83EyaGA464sco327Vs1CarpgSRbVOKhvySdmhJc+qnR+ASttNi4uw==;EndpointSuffix=core.windows.net",
            "primary_dfs_endpoint": "https://diagb0dcec807ed436d0.dfs.core.windows.net/",
            "primary_dfs_host": "diagb0dcec807ed436d0.dfs.core.windows.net",
            "primary_file_endpoint": "https://diagb0dcec807ed436d0.file.core.windows.net/",
            "primary_file_host": "diagb0dcec807ed436d0.file.core.windows.net",
            "primary_location": "uksouth",
            "primary_queue_endpoint": "https://diagb0dcec807ed436d0.queue.core.windows.net/",
            "primary_queue_host": "diagb0dcec807ed436d0.queue.core.windows.net",
            "primary_table_endpoint": "https://diagb0dcec807ed436d0.table.core.windows.net/",
            "primary_table_host": "diagb0dcec807ed436d0.table.core.windows.net",
            "primary_web_endpoint": "https://diagb0dcec807ed436d0.z33.web.core.windows.net/",
            "primary_web_host": "diagb0dcec807ed436d0.z33.web.core.windows.net",
            "queue_encryption_key_type": "Service",
            "queue_properties": [
              {
                "cors_rule": [],
                "hour_metrics": [
                  {
                    "enabled": true,
                    "include_apis": true,
                    "retention_policy_days": 7,
                    "version": "1.0"
                  }
                ],
                "logging": [
                  {
                    "delete": false,
                    "read": false,
                    "retention_policy_days": 0,
                    "version": "1.0",
                    "write": false
                  }
                ],
                "minute_metrics": [
                  {
                    "enabled": false,
                    "include_apis": false,
                    "retention_policy_days": 0,
                    "version": "1.0"
                  }
                ]
              }
            ],
            "resource_group_name": "rg-crisp-guinea",
            "routing": [],
            "secondary_access_key": "8iaPVeCvMMm3X2on/szr7iIAwpPKBwFPd8ykXQq0oH3iIPk/hj7AFpBZ2OIlaSxwgmdips44oRs++ASt+BK3Yg==",
            "secondary_blob_connection_string": "",
            "secondary_blob_endpoint": null,
            "secondary_blob_host": null,
            "secondary_connection_string": "DefaultEndpointsProtocol=https;AccountName=diagb0dcec807ed436d0;AccountKey=8iaPVeCvMMm3X2on/szr7iIAwpPKBwFPd8ykXQq0oH3iIPk/hj7AFpBZ2OIlaSxwgmdips44oRs++ASt+BK3Yg==;EndpointSuffix=core.windows.net",
            "secondary_dfs_endpoint": null,
            "secondary_dfs_host": null,
            "secondary_file_endpoint": null,
            "secondary_file_host": null,
            "secondary_location": "",
            "secondary_queue_endpoint": null,
            "secondary_queue_host": null,
            "secondary_table_endpoint": null,
            "secondary_table_host": null,
            "secondary_web_endpoint": null,
            "secondary_web_host": null,
            "share_properties": [
              {
                "cors_rule": [],
                "retention_policy": [
                  {
                    "days": 7
                  }
                ],
                "smb": []
              }
            ],
            "shared_access_key_enabled": true,
            "static_website": [],
            "table_encryption_key_type": "Service",
            "tags": null,
            "timeouts": null
          },
          "sensitive_attributes": [],
          "private": "eyJlMmJmYjczMC1lY2FhLTExZTYtOGY4OC0zNDM2M2JjN2M0YzAiOnsiY3JlYXRlIjozNjAwMDAwMDAwMDAwLCJkZWxldGUiOjM2MDAwMDAwMDAwMDAsInJlYWQiOjMwMDAwMDAwMDAwMCwidXBkYXRlIjozNjAwMDAwMDAwMDAwfSwic2NoZW1hX3ZlcnNpb24iOiIyIn0=",
          "dependencies": [
            "azurerm_resource_group.rg",
            "random_id.randomId",
            "random_pet.rg-name"
          ]
        }
      ]
    },
    {
      "mode": "managed",
      "type": "azurerm_subnet",
      "name": "myterraformsubnet",
      "provider": "provider[\"registry.terraform.io/hashicorp/azurerm\"]",
      "instances": [
        {
          "schema_version": 0,
          "attributes": {
            "address_prefix": "10.0.1.0/24",
            "address_prefixes": [
              "10.0.1.0/24"
            ],
            "delegation": [],
            "enforce_private_link_endpoint_network_policies": false,
            "enforce_private_link_service_network_policies": false,
            "id": "/subscriptions/81414c8e-8054-41f6-ab02-fb2c1e2bde67/resourceGroups/rg-crisp-guinea/providers/Microsoft.Network/virtualNetworks/myVnet/subnets/mySubnet",
            "name": "mySubnet",
            "resource_group_name": "rg-crisp-guinea",
            "service_endpoint_policy_ids": null,
            "service_endpoints": null,
            "timeouts": null,
            "virtual_network_name": "myVnet"
          },
          "sensitive_attributes": [],
          "private": "eyJlMmJmYjczMC1lY2FhLTExZTYtOGY4OC0zNDM2M2JjN2M0YzAiOnsiY3JlYXRlIjoxODAwMDAwMDAwMDAwLCJkZWxldGUiOjE4MDAwMDAwMDAwMDAsInJlYWQiOjMwMDAwMDAwMDAwMCwidXBkYXRlIjoxODAwMDAwMDAwMDAwfX0=",
          "dependencies": [
            "azurerm_resource_group.rg",
            "azurerm_virtual_network.myterraformnetwork",
            "random_pet.rg-name"
          ]
        }
      ]
    },
    {
      "mode": "managed",
      "type": "azurerm_virtual_network",
      "name": "myterraformnetwork",
      "provider": "provider[\"registry.terraform.io/hashicorp/azurerm\"]",
      "instances": [
        {
          "schema_version": 0,
          "attributes": {
            "address_space": [
              "10.0.0.0/16"
            ],
            "bgp_community": "",
            "ddos_protection_plan": [],
            "dns_servers": [],
            "flow_timeout_in_minutes": 0,
            "guid": "f360b950-79b2-461e-b777-1391ebcfb888",
            "id": "/subscriptions/81414c8e-8054-41f6-ab02-fb2c1e2bde67/resourceGroups/rg-crisp-guinea/providers/Microsoft.Network/virtualNetworks/myVnet",
            "location": "uksouth",
            "name": "myVnet",
            "resource_group_name": "rg-crisp-guinea",
            "subnet": [],
            "tags": null,
            "timeouts": null,
            "vm_protection_enabled": false
          },
          "sensitive_attributes": [],
          "private": "eyJlMmJmYjczMC1lY2FhLTExZTYtOGY4OC0zNDM2M2JjN2M0YzAiOnsiY3JlYXRlIjoxODAwMDAwMDAwMDAwLCJkZWxldGUiOjE4MDAwMDAwMDAwMDAsInJlYWQiOjMwMDAwMDAwMDAwMCwidXBkYXRlIjoxODAwMDAwMDAwMDAwfX0=",
          "dependencies": [
            "azurerm_resource_group.rg",
            "random_pet.rg-name"
          ]
        }
      ]
    },
    {
      "mode": "managed",
      "type": "random_id",
      "name": "randomId",
      "provider": "provider[\"registry.terraform.io/hashicorp/random\"]",
      "instances": [
        {
          "schema_version": 0,
          "attributes": {
            "b64_std": "sNzsgH7UNtA=",
            "b64_url": "sNzsgH7UNtA",
            "byte_length": 8,
            "dec": "12744321082179466960",
            "hex": "b0dcec807ed436d0",
            "id": "sNzsgH7UNtA",
            "keepers": {
              "resource_group": "rg-crisp-guinea"
            },
            "prefix": null
          },
          "sensitive_attributes": [],
          "private": "bnVsbA==",
          "dependencies": [
            "azurerm_resource_group.rg",
            "random_pet.rg-name"
          ]
        }
      ]
    },
    {
      "mode": "managed",
      "type": "random_pet",
      "name": "rg-name",
      "provider": "provider[\"registry.terraform.io/hashicorp/random\"]",
      "instances": [
        {
          "schema_version": 0,
          "attributes": {
            "id": "rg-crisp-guinea",
            "keepers": null,
            "length": 2,
            "prefix": "rg",
            "separator": "-"
          },
          "sensitive_attributes": [],
          "private": "bnVsbA=="
        }
      ]
    },
    {
      "mode": "managed",
      "type": "tls_private_key",
      "name": "example_ssh",
      "provider": "provider[\"registry.terraform.io/hashicorp/tls\"]",
      "instances": [
        {
          "schema_version": 0,
          "attributes": {
            "algorithm": "RSA",
            "ecdsa_curve": "P224",
            "id": "c094aff51bda83e65312c5d934f6d44ac38c8295",
            "private_key_openssh": "-----BEGIN OPENSSH PRIVATE KEY-----\nb3BlbnNzaC1rZXktdjEAAAAABG5vbmUAAAAEbm9uZQAAAAAAAAABAAACFwAAAAdz\nc2gtcnNhAAAAAwEAAQAAAgEAraTLAwaNXReWObvfP9G4yS1DBJRNRXh/Rbkg2tby\nCffntNgaE7Weak9psCTGqhGjCwGJ2P6v41i9Rj325jY55SINXROO3lHTkW/aIGjx\n7Mga/+QRf49kXTuLjoPez4aFzd6gL4N1gwcyoEnjD8qXMzJYfcXFBbrFtWv9+M6q\nnnJsu31LGxy2/Zq0q9G4zl6fkFjUuTmIRUGx+19VPy5peMt13WYz7Eae/tVvrblQ\nbRTU5tBuGRIMZZwlnhYV4sfKxq2vr5AU9Gw/Kcshbu+hEwydz2FFU3v+pwIUJQ5J\nRgsHb9MUw1WOxXGPHhzlzj/ls6H9YhtenGG8CVIe7pM2egRbD1Viy6O0guJ185rL\nuES6a3bqxIKqs0H5k1YqZFKmGzjv9mfLnPfHsbtI536JEykEhKOiHWFW3r3ccFTo\nA9o6mHLpgSB45jYlknNYGSzDuxidlPUcWZu8qp7pexcCWHSyxQ3dLmN5UMCxIS24\neL0yo/Svzl51t6MDV/iQ/z6270Ixqiw8UsZ8U1V+nCLLGj5mlfeAF7m0YwpH7xw8\ngFF5qUOwbCXtg7/ToOqkaNIHq/h3gyF8RReh35TT4xdYvtz6WQQMQzqy3nV+8i5K\nV9R0JnM1Abz8Kh8+oOKb7uZFjRMJoYDWygSiKj6GCXQBg1Ji93ChRUgGvgMprv0R\n8csAAAc40soW+NLKFvgAAAAHc3NoLXJzYQAAAgEAraTLAwaNXReWObvfP9G4yS1D\nBJRNRXh/Rbkg2tbyCffntNgaE7Weak9psCTGqhGjCwGJ2P6v41i9Rj325jY55SIN\nXROO3lHTkW/aIGjx7Mga/+QRf49kXTuLjoPez4aFzd6gL4N1gwcyoEnjD8qXMzJY\nfcXFBbrFtWv9+M6qnnJsu31LGxy2/Zq0q9G4zl6fkFjUuTmIRUGx+19VPy5peMt1\n3WYz7Eae/tVvrblQbRTU5tBuGRIMZZwlnhYV4sfKxq2vr5AU9Gw/Kcshbu+hEwyd\nz2FFU3v+pwIUJQ5JRgsHb9MUw1WOxXGPHhzlzj/ls6H9YhtenGG8CVIe7pM2egRb\nD1Viy6O0guJ185rLuES6a3bqxIKqs0H5k1YqZFKmGzjv9mfLnPfHsbtI536JEykE\nhKOiHWFW3r3ccFToA9o6mHLpgSB45jYlknNYGSzDuxidlPUcWZu8qp7pexcCWHSy\nxQ3dLmN5UMCxIS24eL0yo/Svzl51t6MDV/iQ/z6270Ixqiw8UsZ8U1V+nCLLGj5m\nlfeAF7m0YwpH7xw8gFF5qUOwbCXtg7/ToOqkaNIHq/h3gyF8RReh35TT4xdYvtz6\nWQQMQzqy3nV+8i5KV9R0JnM1Abz8Kh8+oOKb7uZFjRMJoYDWygSiKj6GCXQBg1Ji\n93ChRUgGvgMprv0R8csAAAADAQABAAACAQCK2DEoKy4P2NNbOLkLO7Oo0RM8byTW\nPsJtytjVg3entt1EQmOfjOKtmPAmU1GzHUUkgMdrhkK34/X8W4G3lHZ4m+DZotDj\nPcSRD0H4FlIThfHo2MGRIOQclIdDnngjsin9clzdgR0Od0vo1QvFTbXWzxPpBaFD\nspNyPHaoYwAUj+QXitjqReygHfsHRDukcA7gidcWgEVRM3WQTStJyN+3IeEN9jHg\nZJuvopSY8Yu4nSabpN/UFhVpjhCaNoirfBvM/4ZyOCA5TPC4h18laGCAbd8lul6H\noab+fXAELUczxY/dv4djpV7yy5mnd23dnEQcfZOwxbfCDXggb9Sh6X5tgnDARBRJ\nP2Z30cL59gJ4Mu7+18OrClz4Yis7ZAEfvpvDCgnClP7gsc/eBGbutQBvKGUTF0ET\nGScvEmi/l52jEn9qQsmb6EUyGulxCmeYz75mSxXXZv+63zB0eO9sejdrUjbuBMT2\n3NLyTmbceToGHqxt+9nyhlvwS54FqWTveGzuMTj9IIFpVPkOwnzp+heIwAOsXkeA\nlWmQwJFi1uSHBSjedtPNNQJaht65cfGgb4bl+iDuXqa5/DYLGMjjNxEqfaN50AGx\neEmWNlXicx/ylj2L2/aQ+OyPK3gJrUYg9afMYjcL/SKCQ75Ej++n8vkoQB+eOg63\n5fgUVsZqZ2ycCQAAAQBF7h/M/NE400Zchz1u6ki9PjUFt+YnHYxh+KrBwKbaMN1u\n5xt3QWY1H1TyFsyjaGW4w13TwPAyf82OPwWt9WhxiLGohwDBJuNZ/nayatcgShQc\nVnc0WRDsNYi7SaRHGqW7z31WOdOHqMxE0sp96Pq2eGhvAuvaqPgX6GOONzk3onuO\nEGozSsVMSqHvtvedDdlonZP4vMx3QEgjHfjXBpT/K8iNo4V9alnyq6CBTOX/rwwg\n5eFbURZwtmcFrtGdxiHsXqqgD/E0URthsSQpmMicQpIssGrSACSy2mFP/4SgfqIa\nk9hXd1OFrhvlMnE3bszf3h/ClXHfMV3vR9tjiPyhAAABAQDFSgiLvp/maXlROMVc\nt3nL4Wc4q0iwh4sXZaZ8Z5byvIhgYaLr/F1qiqVs0n+2xcVzK1U9lXLsj/2WL6eZ\nKBZZf+ecA2K9HbTygUZFfx4uveadvcPDhhHkK9CpMG8ZN3ejHIDBsKAXQf+zsTb9\nGNq88FoQJqN25QpVLJl9nXIXWVaMh0oQjVSLoKZUGwUyYfw3mhWVvSHgoeJI/Q4c\nW5OjNiRtz1QnDARre0+eEx/GZfMjGL4iPCfFtxLGwPpGE5Y5NdaFPvMZu1Q8i1YY\nAFactLdRhwBfaQL8oY2jQzCOMdqRh1INYeX3Hhrnmz851y4SmUnn6nTEN3jPqgK4\n2fBVAAABAQDhUWQDWQAccGD/N0pY4xVEpzK/KBWd+RJuanOtM0ucJkdvDklUFetX\nhJQH+Vajb4z1x7LWsmZk6wdtgU5BHXEsZfU3gnO2wZHxL7oNoZ//okTkLeosLu8c\nARiF3dXcLEWqf8dsUaBtg8AESxvRhAOXL11v5Y9S1RxbYk22eY20O9dvYEtWswEw\nQBo9t9j4+M6TWq3Qi1QCypJ83BXIbfsPN18GfuLUq3qauF6BZVnJTHK2AK7FePcv\nsPPh9i8y8Xym2HBxLLbNLOnSV4/yf3/RNhm0yAE4sZeaPyL7MGZ4Rs5lQXaG5vfs\ntELHpHfC/W/QSIuUF5ECMzhoUaI+J/mfAAAAAAEC\n-----END OPENSSH PRIVATE KEY-----\n",
            "private_key_pem": "-----BEGIN RSA PRIVATE KEY-----\nMIIJKgIBAAKCAgEAraTLAwaNXReWObvfP9G4yS1DBJRNRXh/Rbkg2tbyCffntNga\nE7Weak9psCTGqhGjCwGJ2P6v41i9Rj325jY55SINXROO3lHTkW/aIGjx7Mga/+QR\nf49kXTuLjoPez4aFzd6gL4N1gwcyoEnjD8qXMzJYfcXFBbrFtWv9+M6qnnJsu31L\nGxy2/Zq0q9G4zl6fkFjUuTmIRUGx+19VPy5peMt13WYz7Eae/tVvrblQbRTU5tBu\nGRIMZZwlnhYV4sfKxq2vr5AU9Gw/Kcshbu+hEwydz2FFU3v+pwIUJQ5JRgsHb9MU\nw1WOxXGPHhzlzj/ls6H9YhtenGG8CVIe7pM2egRbD1Viy6O0guJ185rLuES6a3bq\nxIKqs0H5k1YqZFKmGzjv9mfLnPfHsbtI536JEykEhKOiHWFW3r3ccFToA9o6mHLp\ngSB45jYlknNYGSzDuxidlPUcWZu8qp7pexcCWHSyxQ3dLmN5UMCxIS24eL0yo/Sv\nzl51t6MDV/iQ/z6270Ixqiw8UsZ8U1V+nCLLGj5mlfeAF7m0YwpH7xw8gFF5qUOw\nbCXtg7/ToOqkaNIHq/h3gyF8RReh35TT4xdYvtz6WQQMQzqy3nV+8i5KV9R0JnM1\nAbz8Kh8+oOKb7uZFjRMJoYDWygSiKj6GCXQBg1Ji93ChRUgGvgMprv0R8csCAwEA\nAQKCAgEAitgxKCsuD9jTWzi5CzuzqNETPG8k1j7CbcrY1YN3p7bdREJjn4zirZjw\nJlNRsx1FJIDHa4ZCt+P1/FuBt5R2eJvg2aLQ4z3EkQ9B+BZSE4Xx6NjBkSDkHJSH\nQ554I7Ip/XJc3YEdDndL6NULxU211s8T6QWhQ7KTcjx2qGMAFI/kF4rY6kXsoB37\nB0Q7pHAO4InXFoBFUTN1kE0rScjftyHhDfYx4GSbr6KUmPGLuJ0mm6Tf1BYVaY4Q\nmjaIq3wbzP+GcjggOUzwuIdfJWhggG3fJbpeh6Gm/n1wBC1HM8WP3b+HY6Ve8suZ\np3dt3ZxEHH2TsMW3wg14IG/Uoel+bYJwwEQUST9md9HC+fYCeDLu/tfDqwpc+GIr\nO2QBH76bwwoJwpT+4LHP3gRm7rUAbyhlExdBExknLxJov5edoxJ/akLJm+hFMhrp\ncQpnmM++ZksV12b/ut8wdHjvbHo3a1I27gTE9tzS8k5m3Hk6Bh6sbfvZ8oZb8Eue\nBalk73hs7jE4/SCBaVT5DsJ86foXiMADrF5HgJVpkMCRYtbkhwUo3nbTzTUCWobe\nuXHxoG+G5fog7l6mufw2CxjI4zcRKn2jedABsXhJljZV4nMf8pY9i9v2kPjsjyt4\nCa1GIPWnzGI3C/0igkO+RI/vp/L5KEAfnjoOt+X4FFbGamdsnAkCggEBAMVKCIu+\nn+ZpeVE4xVy3ecvhZzirSLCHixdlpnxnlvK8iGBhouv8XWqKpWzSf7bFxXMrVT2V\ncuyP/ZYvp5koFll/55wDYr0dtPKBRkV/Hi695p29w8OGEeQr0Kkwbxk3d6McgMGw\noBdB/7OxNv0Y2rzwWhAmo3blClUsmX2dchdZVoyHShCNVIugplQbBTJh/DeaFZW9\nIeCh4kj9Dhxbk6M2JG3PVCcMBGt7T54TH8Zl8yMYviI8J8W3EsbA+kYTljk11oU+\n8xm7VDyLVhgAVpy0t1GHAF9pAvyhjaNDMI4x2pGHUg1h5fceGuebPznXLhKZSefq\ndMQ3eM+qArjZ8FUCggEBAOFRZANZABxwYP83SljjFUSnMr8oFZ35Em5qc60zS5wm\nR28OSVQV61eElAf5VqNvjPXHstayZmTrB22BTkEdcSxl9TeCc7bBkfEvug2hn/+i\nROQt6iwu7xwBGIXd1dwsRap/x2xRoG2DwARLG9GEA5cvXW/lj1LVHFtiTbZ5jbQ7\n129gS1azATBAGj232Pj4zpNardCLVALKknzcFcht+w83XwZ+4tSrepq4XoFlWclM\ncrYArsV49y+w8+H2LzLxfKbYcHEsts0s6dJXj/J/f9E2GbTIATixl5o/IvswZnhG\nzmVBdobm9+y0Qsekd8L9b9BIi5QXkQIzOGhRoj4n+Z8CggEBALX4+HL1TAW56bWa\nGKjRbx039f6WNoDlNM1K7Eo5Pkj8zwmfZSgn6X5ZDgaXDkfmmZ4GLSSVkaBTnAKI\nSB2DlUHOMTJ9CPkIypsX1FpLyuowLOP4YfYZ1qzQITG9Q+xNdiNUKgr9wFxTeugi\noGbJIxE83MWi7gm/b01qytTLga25sJQEQbOMuJvlfSV8msmDCaG7lQc9oV7R0qei\nCf7sFPxo9yb2Ile1xOninmhemWNlK+OGcfGf7Mt4dnAvFWnHrTttxkW274IfgK4r\nkyimPz1hjuk7DYPzl1awKLWbRtEReNncqDlBwFy0Pvq7/pB6QrvS+hFY94T46Y0Z\n8lLQatUCggEBAK1/HqP1REChyA69ZGJNeXMDy++lzf92atra3Xfgp7f1QcwiFBTL\nTAx36gS52hy/KKuYufzYIkBTOcT4bGl3Yk3ttISpzrBLHTW6qmkUqz8MlD+fm1Gq\nUjQeI+PwjVycOoivG8Asmnu5l4G21BTgsmMX9brT6Si/MLatW2nG73Z5HcqFO33n\nGGMu+QXNKyWLcIXGrVCH+Iits16xmZRcG5X77Q/zZHaeFCpPDXZVtG1skGfU3r7w\nBmaSuzijeHShvno671o2NAyJKQLuqcjwpFtUbTbnSwl8tl/vfeAtxLmYzBTr83it\nIPsDUuinnBBpVk/rjI7cFqy7BBRPx75UycECggEARe4fzPzRONNGXIc9bupIvT41\nBbfmJx2MYfiqwcCm2jDdbucbd0FmNR9U8hbMo2hluMNd08DwMn/Njj8FrfVocYix\nqIcAwSbjWf52smrXIEoUHFZ3NFkQ7DWIu0mkRxqlu899VjnTh6jMRNLKfej6tnho\nbwLr2qj4F+hjjjc5N6J7jhBqM0rFTEqh77b3nQ3ZaJ2T+LzMd0BIIx341waU/yvI\njaOFfWpZ8quggUzl/68MIOXhW1EWcLZnBa7RncYh7F6qoA/xNFEbYbEkKZjInEKS\nLLBq0gAkstphT/+EoH6iGpPYV3dTha4b5TJxN27M394fwpVx3zFd70fbY4j8oQ==\n-----END RSA PRIVATE KEY-----\n",
            "public_key_fingerprint_md5": "84:99:aa:fe:40:84:1a:b7:93:41:36:09:1a:6c:59:c5",
            "public_key_fingerprint_sha256": "SHA256:0kGrpg8/7BKAfsc9JD1JHCuvZN3cXYbfIYUaa531qUQ",
            "public_key_openssh": "ssh-rsa AAAAB3NzaC1yc2EAAAADAQABAAACAQCtpMsDBo1dF5Y5u98/0bjJLUMElE1FeH9FuSDa1vIJ9+e02BoTtZ5qT2mwJMaqEaMLAYnY/q/jWL1GPfbmNjnlIg1dE47eUdORb9ogaPHsyBr/5BF/j2RdO4uOg97PhoXN3qAvg3WDBzKgSeMPypczMlh9xcUFusW1a/34zqqecmy7fUsbHLb9mrSr0bjOXp+QWNS5OYhFQbH7X1U/Lml4y3XdZjPsRp7+1W+tuVBtFNTm0G4ZEgxlnCWeFhXix8rGra+vkBT0bD8pyyFu76ETDJ3PYUVTe/6nAhQlDklGCwdv0xTDVY7FcY8eHOXOP+Wzof1iG16cYbwJUh7ukzZ6BFsPVWLLo7SC4nXzmsu4RLprdurEgqqzQfmTVipkUqYbOO/2Z8uc98exu0jnfokTKQSEo6IdYVbevdxwVOgD2jqYcumBIHjmNiWSc1gZLMO7GJ2U9RxZm7yqnul7FwJYdLLFDd0uY3lQwLEhLbh4vTKj9K/OXnW3owNX+JD/PrbvQjGqLDxSxnxTVX6cIssaPmaV94AXubRjCkfvHDyAUXmpQ7BsJe2Dv9Og6qRo0ger+HeDIXxFF6HflNPjF1i+3PpZBAxDOrLedX7yLkpX1HQmczUBvPwqHz6g4pvu5kWNEwmhgNbKBKIqPoYJdAGDUmL3cKFFSAa+Aymu/RHxyw==\n",
            "public_key_pem": "-----BEGIN PUBLIC KEY-----\nMIICIjANBgkqhkiG9w0BAQEFAAOCAg8AMIICCgKCAgEAraTLAwaNXReWObvfP9G4\nyS1DBJRNRXh/Rbkg2tbyCffntNgaE7Weak9psCTGqhGjCwGJ2P6v41i9Rj325jY5\n5SINXROO3lHTkW/aIGjx7Mga/+QRf49kXTuLjoPez4aFzd6gL4N1gwcyoEnjD8qX\nMzJYfcXFBbrFtWv9+M6qnnJsu31LGxy2/Zq0q9G4zl6fkFjUuTmIRUGx+19VPy5p\neMt13WYz7Eae/tVvrblQbRTU5tBuGRIMZZwlnhYV4sfKxq2vr5AU9Gw/Kcshbu+h\nEwydz2FFU3v+pwIUJQ5JRgsHb9MUw1WOxXGPHhzlzj/ls6H9YhtenGG8CVIe7pM2\negRbD1Viy6O0guJ185rLuES6a3bqxIKqs0H5k1YqZFKmGzjv9mfLnPfHsbtI536J\nEykEhKOiHWFW3r3ccFToA9o6mHLpgSB45jYlknNYGSzDuxidlPUcWZu8qp7pexcC\nWHSyxQ3dLmN5UMCxIS24eL0yo/Svzl51t6MDV/iQ/z6270Ixqiw8UsZ8U1V+nCLL\nGj5mlfeAF7m0YwpH7xw8gFF5qUOwbCXtg7/ToOqkaNIHq/h3gyF8RReh35TT4xdY\nvtz6WQQMQzqy3nV+8i5KV9R0JnM1Abz8Kh8+oOKb7uZFjRMJoYDWygSiKj6GCXQB\ng1Ji93ChRUgGvgMprv0R8csCAwEAAQ==\n-----END PUBLIC KEY-----\n",
            "rsa_bits": 4096
          },
          "sensitive_attributes": [],
          "private": "bnVsbA=="
        }
      ]
    }
  ]
}
